// !$*UTF8*$!
{
	archiveVersion = 1;
	classes = {
	};
	objectVersion = 50;
	objects = {

/* Begin PBXBuildFile section */
		F19E060F227F43830089C5FA /* AppDelegate.swift in Sources */ = {isa = PBXBuildFile; fileRef = F19E060E227F43830089C5FA /* AppDelegate.swift */; };
		F19E0611227F43830089C5FA /* ViewController.swift in Sources */ = {isa = PBXBuildFile; fileRef = F19E0610227F43830089C5FA /* ViewController.swift */; };
		F19E0614227F43830089C5FA /* Main.storyboard in Resources */ = {isa = PBXBuildFile; fileRef = F19E0612227F43830089C5FA /* Main.storyboard */; };
		F19E0616227F43830089C5FA /* Assets.xcassets in Resources */ = {isa = PBXBuildFile; fileRef = F19E0615227F43830089C5FA /* Assets.xcassets */; };
		F19E0619227F43830089C5FA /* LaunchScreen.storyboard in Resources */ = {isa = PBXBuildFile; fileRef = F19E0617227F43830089C5FA /* LaunchScreen.storyboard */; };
		F19E0621227F46E20089C5FA /* gradient.swift in Sources */ = {isa = PBXBuildFile; fileRef = F19E0620227F46E20089C5FA /* gradient.swift */; };
		F19E0623227F4F810089C5FA /* PatsColors.swift in Sources */ = {isa = PBXBuildFile; fileRef = F19E0622227F4F810089C5FA /* PatsColors.swift */; };
/* End PBXBuildFile section */

/* Begin PBXFileReference section */
		F19E060B227F43830089C5FA /* Patriots2.app */ = {isa = PBXFileReference; explicitFileType = wrapper.application; includeInIndex = 0; path = Patriots2.app; sourceTree = BUILT_PRODUCTS_DIR; };
		F19E060E227F43830089C5FA /* AppDelegate.swift */ = {isa = PBXFileReference; lastKnownFileType = sourcecode.swift; path = AppDelegate.swift; sourceTree = "<group>"; };
		F19E0610227F43830089C5FA /* ViewController.swift */ = {isa = PBXFileReference; lastKnownFileType = sourcecode.swift; path = ViewController.swift; sourceTree = "<group>"; };
		F19E0613227F43830089C5FA /* Base */ = {isa = PBXFileReference; lastKnownFileType = file.storyboard; name = Base; path = Base.lproj/Main.storyboard; sourceTree = "<group>"; };
		F19E0615227F43830089C5FA /* Assets.xcassets */ = {isa = PBXFileReference; lastKnownFileType = folder.assetcatalog; path = Assets.xcassets; sourceTree = "<group>"; };
		F19E0618227F43830089C5FA /* Base */ = {isa = PBXFileReference; lastKnownFileType = file.storyboard; name = Base; path = Base.lproj/LaunchScreen.storyboard; sourceTree = "<group>"; };
		F19E061A227F43830089C5FA /* Info.plist */ = {isa = PBXFileReference; lastKnownFileType = text.plist.xml; path = Info.plist; sourceTree = "<group>"; };
		F19E0620227F46E20089C5FA /* gradient.swift */ = {isa = PBXFileReference; lastKnownFileType = sourcecode.swift; path = gradient.swift; sourceTree = "<group>"; };
		F19E0622227F4F810089C5FA /* PatsColors.swift */ = {isa = PBXFileReference; lastKnownFileType = sourcecode.swift; path = PatsColors.swift; sourceTree = "<group>"; };
/* End PBXFileReference section */

/* Begin PBXFrameworksBuildPhase section */
		F19E0608227F43830089C5FA /* Frameworks */ = {
			isa = PBXFrameworksBuildPhase;
			buildActionMask = 2147483647;
			files = (
			);
			runOnlyForDeploymentPostprocessing = 0;
		};
/* End PBXFrameworksBuildPhase section */

/* Begin PBXGroup section */
		F19E0602227F43830089C5FA = {
			isa = PBXGroup;
			children = (
				F19E060D227F43830089C5FA /* Patriots2 */,
				F19E060C227F43830089C5FA /* Products */,
			);
			sourceTree = "<group>";
		};
		F19E060C227F43830089C5FA /* Products */ = {
			isa = PBXGroup;
			children = (
				F19E060B227F43830089C5FA /* Patriots2.app */,
			);
			name = Products;
			sourceTree = "<group>";
		};
		F19E060D227F43830089C5FA /* Patriots2 */ = {
			isa = PBXGroup;
			children = (
				F19E060E227F43830089C5FA /* AppDelegate.swift */,
				F19E0610227F43830089C5FA /* ViewController.swift */,
				F19E0622227F4F810089C5FA /* PatsColors.swift */,
				F19E0612227F43830089C5FA /* Main.storyboard */,
				F19E0620227F46E20089C5FA /* gradient.swift */,
				F19E0615227F43830089C5FA /* Assets.xcassets */,
				F19E0617227F43830089C5FA /* LaunchScreen.storyboard */,
				F19E061A227F43830089C5FA /* Info.plist */,
			);
			path = Patriots2;
			sourceTree = "<group>";
		};
/* End PBXGroup section */

/* Begin PBXNativeTarget section */
		F19E060A227F43830089C5FA /* Patriots2 */ = {
			isa = PBXNativeTarget;
			buildConfigurationList = F19E061D227F43830089C5FA /* Build configuration list for PBXNativeTarget "Patriots2" */;
			buildPhases = (
				F19E0607227F43830089C5FA /* Sources */,
				F19E0608227F43830089C5FA /* Frameworks */,
				F19E0609227F43830089C5FA /* Resources */,
			);
			buildRules = (
			);
			dependencies = (
			);
			name = Patriots2;
			productName = Patriots2;
			productReference = F19E060B227F43830089C5FA /* Patriots2.app */;
			productType = "com.apple.product-type.application";
		};
/* End PBXNativeTarget section */

/* Begin PBXProject section */
		F19E0603227F43830089C5FA /* Project object */ = {
			isa = PBXProject;
			attributes = {
				LastSwiftUpdateCheck = 1010;
				LastUpgradeCheck = 1010;
				ORGANIZATIONNAME = "Thomas Burns";
				TargetAttributes = {
					F19E060A227F43830089C5FA = {
						CreatedOnToolsVersion = 10.1;
					};
				};
			};
			buildConfigurationList = F19E0606227F43830089C5FA /* Build configuration list for PBXProject "Patriots2" */;
			compatibilityVersion = "Xcode 9.3";
			developmentRegion = en;
			hasScannedForEncodings = 0;
			knownRegions = (
				en,
				Base,
			);
			mainGroup = F19E0602227F43830089C5FA;
			productRefGroup = F19E060C227F43830089C5FA /* Products */;
			projectDirPath = "";
			projectRoot = "";
			targets = (
				F19E060A227F43830089C5FA /* Patriots2 */,
			);
		};
/* End PBXProject section */

/* Begin PBXResourcesBuildPhase section */
		F19E0609227F43830089C5FA /* Resources */ = {
			isa = PBXResourcesBuildPhase;
			buildActionMask = 2147483647;
			files = (
				F19E0619227F43830089C5FA /* LaunchScreen.storyboard in Resources */,
				F19E0616227F43830089C5FA /* Assets.xcassets in Resources */,
				F19E0614227F43830089C5FA /* Main.storyboard in Resources */,
			);
			runOnlyForDeploymentPostprocessing = 0;
		};
/* End PBXResourcesBuildPhase section */

/* Begin PBXSourcesBuildPhase section */
		F19E0607227F43830089C5FA /* Sources */ = {
			isa = PBXSourcesBuildPhase;
			buildActionMask = 2147483647;
			files = (
				F19E0611227F43830089C5FA /* ViewController.swift in Sources */,
				F19E0623227F4F810089C5FA /* PatsColors.swift in Sources */,
				F19E0621227F46E20089C5FA /* gradient.swift in Sources */,
				F19E060F227F43830089C5FA /* AppDelegate.swift in Sources */,
			);
			runOnlyForDeploymentPostprocessing = 0;
		};
/* End PBXSourcesBuildPhase section */

/* Begin PBXVariantGroup section */
		F19E0612227F43830089C5FA /* Main.storyboard */ = {
			isa = PBXVariantGroup;
			children = (
				F19E0613227F43830089C5FA /* Base */,
			);
			name = Main.storyboard;
			sourceTree = "<group>";
		};
		F19E0617227F43830089C5FA /* LaunchScreen.storyboard */ = {
			isa = PBXVariantGroup;
			children = (
				F19E0618227F43830089C5FA /* Base */,
			);
			name = LaunchScreen.storyboard;
			sourceTree = "<group>";
		};
/* End PBXVariantGroup section */

/* Begin XCBuildConfiguration section */
		F19E061B227F43830089C5FA /* Debug */ = {
			isa = XCBuildConfiguration;
			buildSettings = {
				ALWAYS_SEARCH_USER_PATHS = NO;
				CLANG_ANALYZER_NONNULL = YES;
				CLANG_ANALYZER_NUMBER_OBJECT_CONVERSION = YES_AGGRESSIVE;
				CLANG_CXX_LANGUAGE_STANDARD = "gnu++14";
				CLANG_CXX_LIBRARY = "libc++";
				CLANG_ENABLE_MODULES = YES;
				CLANG_ENABLE_OBJC_ARC = YES;
				CLANG_ENABLE_OBJC_WEAK = YES;
				CLANG_WARN_BLOCK_CAPTURE_AUTORELEASING = YES;
				CLANG_WARN_BOOL_CONVERSION = YES;
				CLANG_WARN_COMMA = YES;
				CLANG_WARN_CONSTANT_CONVERSION = YES;
				CLANG_WARN_DEPRECATED_OBJC_IMPLEMENTATIONS = YES;
				CLANG_WARN_DIRECT_OBJC_ISA_USAGE = YES_ERROR;
				CLANG_WARN_DOCUMENTATION_COMMENTS = YES;
				CLANG_WARN_EMPTY_BODY = YES;
				CLANG_WARN_ENUM_CONVERSION = YES;
				CLANG_WARN_INFINITE_RECURSION = YES;
				CLANG_WARN_INT_CONVERSION = YES;
				CLANG_WARN_NON_LITERAL_NULL_CONVERSION = YES;
				CLANG_WARN_OBJC_IMPLICIT_RETAIN_SELF = YES;
				CLANG_WARN_OBJC_LITERAL_CONVERSION = YES;
				CLANG_WARN_OBJC_ROOT_CLASS = YES_ERROR;
				CLANG_WARN_RANGE_LOOP_ANALYSIS = YES;
				CLANG_WARN_STRICT_PROTOTYPES = YES;
				CLANG_WARN_SUSPICIOUS_MOVE = YES;
				CLANG_WARN_UNGUARDED_AVAILABILITY = YES_AGGRESSIVE;
				CLANG_WARN_UNREACHABLE_CODE = YES;
				CLANG_WARN__DUPLICATE_METHOD_MATCH = YES;
				CODE_SIGN_IDENTITY = "iPhone Developer";
				COPY_PHASE_STRIP = NO;
				DEBUG_INFORMATION_FORMAT = dwarf;
				ENABLE_STRICT_OBJC_MSGSEND = YES;
				ENABLE_TESTABILITY = YES;
				GCC_C_LANGUAGE_STANDARD = gnu11;
				GCC_DYNAMIC_NO_PIC = NO;
				GCC_NO_COMMON_BLOCKS = YES;
				GCC_OPTIMIZATION_LEVEL = 0;
				GCC_PREPROCESSOR_DEFINITIONS = (
					"DEBUG=1",
					"$(inherited)",
				);
				GCC_WARN_64_TO_32_BIT_CONVERSION = YES;
				GCC_WARN_ABOUT_RETURN_TYPE = YES_ERROR;
				GCC_WARN_UNDECLARED_SELECTOR = YES;
				GCC_WARN_UNINITIALIZED_AUTOS = YES_AGGRESSIVE;
				GCC_WARN_UNUSED_FUNCTION = YES;
				GCC_WARN_UNUSED_VARIABLE = YES;
				IPHONEOS_DEPLOYMENT_TARGET = 12.1;
				MTL_ENABLE_DEBUG_INFO = INCLUDE_SOURCE;
				MTL_FAST_MATH = YES;
				ONLY_ACTIVE_ARCH = YES;
				SDKROOT = iphoneos;
				SWIFT_ACTIVE_COMPILATION_CONDITIONS = DEBUG;
				SWIFT_OPTIMIZATION_LEVEL = "-Onone";
			};
			name = Debug;
		};
		F19E061C227F43830089C5FA /* Release */ = {
			isa = XCBuildConfiguration;
			buildSettings = {
				ALWAYS_SEARCH_USER_PATHS = NO;
				CLANG_ANALYZER_NONNULL = YES;
				CLANG_ANALYZER_NUMBER_OBJECT_CONVERSION = YES_AGGRESSIVE;
				CLANG_CXX_LANGUAGE_STANDARD = "gnu++14";
				CLANG_CXX_LIBRARY = "libc++";
				CLANG_ENABLE_MODULES = YES;
				CLANG_ENABLE_OBJC_ARC = YES;
				CLANG_ENABLE_OBJC_WEAK = YES;
				CLANG_WARN_BLOCK_CAPTURE_AUTORELEASING = YES;
				CLANG_WARN_BOOL_CONVERSION = YES;
				CLANG_WARN_COMMA = YES;
				CLANG_WARN_CONSTANT_CONVERSION = YES;
				CLANG_WARN_DEPRECATED_OBJC_IMPLEMENTATIONS = YES;
				CLANG_WARN_DIRECT_OBJC_ISA_USAGE = YES_ERROR;
				CLANG_WARN_DOCUMENTATION_COMMENTS = YES;
				CLANG_WARN_EMPTY_BODY = YES;
				CLANG_WARN_ENUM_CONVERSION = YES;
				CLANG_WARN_INFINITE_RECURSION = YES;
				CLANG_WARN_INT_CONVERSION = YES;
				CLANG_WARN_NON_LITERAL_NULL_CONVERSION = YES;
				CLANG_WARN_OBJC_IMPLICIT_RETAIN_SELF = YES;
				CLANG_WARN_OBJC_LITERAL_CONVERSION = YES;
				CLANG_WARN_OBJC_ROOT_CLASS = YES_ERROR;
				CLANG_WARN_RANGE_LOOP_ANALYSIS = YES;
				CLANG_WARN_STRICT_PROTOTYPES = YES;
				CLANG_WARN_SUSPICIOUS_MOVE = YES;
				CLANG_WARN_UNGUARDED_AVAILABILITY = YES_AGGRESSIVE;
				CLANG_WARN_UNREACHABLE_CODE = YES;
				CLANG_WARN__DUPLICATE_METHOD_MATCH = YES;
				CODE_SIGN_IDENTITY = "iPhone Developer";
				COPY_PHASE_STRIP = NO;
				DEBUG_INFORMATION_FORMAT = "dwarf-with-dsym";
				ENABLE_NS_ASSERTIONS = NO;
				ENABLE_STRICT_OBJC_MSGSEND = YES;
				GCC_C_LANGUAGE_STANDARD = gnu11;
				GCC_NO_COMMON_BLOCKS = YES;
				GCC_WARN_64_TO_32_BIT_CONVERSION = YES;
				GCC_WARN_ABOUT_RETURN_TYPE = YES_ERROR;
				GCC_WARN_UNDECLARED_SELECTOR = YES;
				GCC_WARN_UNINITIALIZED_AUTOS = YES_AGGRESSIVE;
				GCC_WARN_UNUSED_FUNCTION = YES;
				GCC_WARN_UNUSED_VARIABLE = YES;
				IPHONEOS_DEPLOYMENT_TARGET = 12.1;
				MTL_ENABLE_DEBUG_INFO = NO;
				MTL_FAST_MATH = YES;
				SDKROOT = iphoneos;
				SWIFT_COMPILATION_MODE = wholemodule;
				SWIFT_OPTIMIZATION_LEVEL = "-O";
				VALIDATE_PRODUCT = YES;
			};
			name = Release;
		};
		F19E061E227F43830089C5FA /* Debug */ = {
			isa = XCBuildConfiguration;
			buildSettings = {
				ASSETCATALOG_COMPILER_APPICON_NAME = AppIcon;
				CODE_SIGN_STYLE = Automatic;
				INFOPLIST_FILE = Patriots2/Info.plist;
				LD_RUNPATH_SEARCH_PATHS = (
					"$(inherited)",
					"@executable_path/Frameworks",
				);
				PRODUCT_BUNDLE_IDENTIFIER = com.example.Patriots2;
				PRODUCT_NAME = "$(TARGET_NAME)";
				SWIFT_VERSION = 4.2;
				TARGETED_DEVICE_FAMILY = "1,2";
			};
			name = Debug;
		};
		F19E061F227F43830089C5FA /* Release */ = {
			isa = XCBuildConfiguration;
			buildSettings = {
				ASSETCATALOG_COMPILER_APPICON_NAME = AppIcon;
				CODE_SIGN_STYLE = Automatic;
				INFOPLIST_FILE = Patriots2/Info.plist;
				LD_RUNPATH_SEARCH_PATHS = (
					"$(inherited)",
					"@executable_path/Frameworks",
				);
				PRODUCT_BUNDLE_IDENTIFIER = com.example.Patriots2;
				PRODUCT_NAME = "$(TARGET_NAME)";
				SWIFT_VERSION = 4.2;
				TARGETED_DEVICE_FAMILY = "1,2";
			};
			name = Release;
		};
/* End XCBuildConfiguration section */

/* Begin XCConfigurationList section */
		F19E0606227F43830089C5FA /* Build configuration list for PBXProject "Patriots2" */ = {
			isa = XCConfigurationList;
			buildConfigurations = (
				F19E061B227F43830089C5FA /* Debug */,
				F19E061C227F43830089C5FA /* Release */,
			);
			defaultConfigurationIsVisible = 0;
			defaultConfigurationName = Release;
		};
		F19E061D227F43830089C5FA /* Build configuration list for PBXNativeTarget "Patriots2" */ = {
			isa = XCConfigurationList;
			buildConfigurations = (
				F19E061E227F43830089C5FA /* Debug */,
				F19E061F227F43830089C5FA /* Release */,
			);
			defaultConfigurationIsVisible = 0;
			defaultConfigurationName = Release;
		};
/* End XCConfigurationList section */
	};
	rootObject = F19E0603227F43830089C5FA /* Project object */;
}
